
Microsoft Visual Studio Solution File, Format Version 12.00
# Visual Studio Version 16
VisualStudioVersion = 16.0.28621.142
MinimumVisualStudioVersion = 10.0.40219.1
Project("{9A19103F-16F7-4668-BE54-9A1E7A4F7556}") = "BlazorGridComponent", "BlazorGridComponent\BlazorGridComponent.csproj", "{443C164D-B625-470E-B3CD-6233FFBF5531}"
EndProject
Project("{9A19103F-16F7-4668-BE54-9A1E7A4F7556}") = "SisWeb", "SisWeb\SisWeb.csproj", "{0B0E0657-C22C-4741-92A6-9A259CC464C4}"
EndProject
Global
	GlobalSection(SolutionConfigurationPlatforms) = preSolution
		Debug|Any CPU = Debug|Any CPU
		Release|Any CPU = Release|Any CPU
	EndGlobalSection
	GlobalSection(ProjectConfigurationPlatforms) = postSolution
		{443C164D-B625-470E-B3CD-6233FFBF5531}.Debug|Any CPU.ActiveCfg = Debug|Any CPU
		{443C164D-B625-470E-B3CD-6233FFBF5531}.Debug|Any CPU.Build.0 = Debug|Any CPU
		{443C164D-B625-470E-B3CD-6233FFBF5531}.Release|Any CPU.ActiveCfg = Release|Any CPU
		{443C164D-B625-470E-B3CD-6233FFBF5531}.Release|Any CPU.Build.0 = Release|Any CPU
		{0B0E0657-C22C-4741-92A6-9A259CC464C4}.Debug|Any CPU.ActiveCfg = Debug|Any CPU
		{0B0E0657-C22C-4741-92A6-9A259CC464C4}.Debug|Any CPU.Build.0 = Debug|Any CPU
		{0B0E0657-C22C-4741-92A6-9A259CC464C4}.Release|Any CPU.ActiveCfg = Release|Any CPU
		{0B0E0657-C22C-4741-92A6-9A259CC464C4}.Release|Any CPU.Build.0 = Release|Any CPU
	EndGlobalSection
	GlobalSection(SolutionProperties) = preSolution
		HideSolutionNode = FALSE
	EndGlobalSection
	GlobalSection(ExtensibilityGlobals) = postSolution
		SolutionGuid = {241EA825-DAC1-4CBA-87E0-1E97226BFE95}
	EndGlobalSection
EndGlobal
